{
  "name": "audio-segmenter",
  "version": "1.0.0",
  "lockfileVersion": 3,
  "requires": true,
  "packages": {
    "": {
      "name": "audio-segmenter",
      "version": "1.0.0",
      "license": "ISC",
      "dependencies": {
        "fastest-levenshtein": "^1.0.16",
        "with-file-cache": "^3.2.1"
      }
    },
    "node_modules/@types/debug": {
      "version": "4.1.12",
      "resolved": "https://registry.npmjs.org/@types/debug/-/debug-4.1.12.tgz",
      "integrity": "sha512-vIChWdVG3LG1SMxEvI/AK+FWJthlrqlTu7fbrlywTkkaONwk/UAGaULXRlf8vkzFBLVm0zkMdCquhL5aOjhXPQ==",
      "license": "MIT",
      "dependencies": {
        "@types/ms": "*"
      }
    },
    "node_modules/@types/ms": {
      "version": "0.7.34",
      "resolved": "https://registry.npmjs.org/@types/ms/-/ms-0.7.34.tgz",
      "integrity": "sha512-nG96G3Wp6acyAgJqGasjODb+acrI7KltPiRxzHPXnP3NgI28bpQDRv53olbqGXbfcgF5aiiHmO3xpwEpS5Ld9g==",
      "license": "MIT"
    },
    "node_modules/common-path-prefix": {
      "version": "3.0.0",
      "resolved": "https://registry.npmjs.org/common-path-prefix/-/common-path-prefix-3.0.0.tgz",
      "integrity": "sha512-QE33hToZseCH3jS0qN96O/bSh3kaw/h+Tq7ngyY9eWDUnTlTNUyqfqvCXioLe5Na5jFsL78ra/wuBU4iuEgd4w==",
      "license": "ISC"
    },
    "node_modules/debug": {
      "version": "4.3.6",
      "resolved": "https://registry.npmjs.org/debug/-/debug-4.3.6.tgz",
      "integrity": "sha512-O/09Bd4Z1fBrU4VzkhFqVgpPzaGbw6Sm9FEkBT1A/YBXQFGuuSxa1dN2nxgxS34JmKXqYx8CZAwEVoJFImUXIg==",
      "license": "MIT",
      "dependencies": {
        "ms": "2.1.2"
      },
      "engines": {
        "node": ">=6.0"
      },
      "peerDependenciesMeta": {
        "supports-color": {
          "optional": true
        }
      }
    },
    "node_modules/fastest-levenshtein": {
      "version": "1.0.16",
      "resolved": "https://registry.npmjs.org/fastest-levenshtein/-/fastest-levenshtein-1.0.16.tgz",
      "integrity": "sha512-eRnCtTTtGZFpQCwhJiUOuxPQWRXVKYDn0b2PeHfXL6/Zi53SLAzAHfVhVWK2AryC/WH05kGfxhFIPvTF0SXQzg==",
      "license": "MIT",
      "engines": {
        "node": ">= 4.9.1"
      }
    },
    "node_modules/find-cache-dir": {
      "version": "5.0.0",
      "resolved": "https://registry.npmjs.org/find-cache-dir/-/find-cache-dir-5.0.0.tgz",
      "integrity": "sha512-OuWNfjfP05JcpAP3JPgAKUhWefjMRfI5iAoSsvE24ANYWJaepAtlSgWECSVEuRgSXpyNEc9DJwG/TZpgcOqyig==",
      "license": "MIT",
      "dependencies": {
        "common-path-prefix": "^3.0.0",
        "pkg-dir": "^7.0.0"
      },
      "engines": {
        "node": ">=16"
      },
      "funding": {
        "url": "https://github.com/sponsors/sindresorhus"
      }
    },
    "node_modules/find-up": {
      "version": "6.3.0",
      "resolved": "https://registry.npmjs.org/find-up/-/find-up-6.3.0.tgz",
      "integrity": "sha512-v2ZsoEuVHYy8ZIlYqwPe/39Cy+cFDzp4dXPaxNvkEuouymu+2Jbz0PxpKarJHYJTmv2HWT3O382qY8l4jMWthw==",
      "license": "MIT",
      "dependencies": {
        "locate-path": "^7.1.0",
        "path-exists": "^5.0.0"
      },
      "engines": {
        "node": "^12.20.0 || ^14.13.1 || >=16.0.0"
      },
      "funding": {
        "url": "https://github.com/sponsors/sindresorhus"
      }
    },
    "node_modules/hash-wasm": {
      "version": "4.11.0",
      "resolved": "https://registry.npmjs.org/hash-wasm/-/hash-wasm-4.11.0.tgz",
      "integrity": "sha512-HVusNXlVqHe0fzIzdQOGolnFN6mX/fqcrSAOcTBXdvzrXVHwTz11vXeKRmkR5gTuwVpvHZEIyKoePDvuAR+XwQ==",
      "license": "MIT"
    },
    "node_modules/locate-path": {
      "version": "7.2.0",
      "resolved": "https://registry.npmjs.org/locate-path/-/locate-path-7.2.0.tgz",
      "integrity": "sha512-gvVijfZvn7R+2qyPX8mAuKcFGDf6Nc61GdvGafQsHL0sBIxfKzA+usWn4GFC/bk+QdwPUD4kWFJLhElipq+0VA==",
      "license": "MIT",
      "dependencies": {
        "p-locate": "^6.0.0"
      },
      "engines": {
        "node": "^12.20.0 || ^14.13.1 || >=16.0.0"
      },
      "funding": {
        "url": "https://github.com/sponsors/sindresorhus"
      }
    },
    "node_modules/ms": {
      "version": "2.1.2",
      "resolved": "https://registry.npmjs.org/ms/-/ms-2.1.2.tgz",
      "integrity": "sha512-sGkPx+VjMtmA6MX27oA4FBFELFCZZ4S4XqeGOXCv68tT+jb3vk/RyaKWP0PTKyWtmLSM0b+adUTEvbs1PEaH2w==",
      "license": "MIT"
    },
    "node_modules/p-limit": {
      "version": "4.0.0",
      "resolved": "https://registry.npmjs.org/p-limit/-/p-limit-4.0.0.tgz",
      "integrity": "sha512-5b0R4txpzjPWVw/cXXUResoD4hb6U/x9BH08L7nw+GN1sezDzPdxeRvpc9c433fZhBan/wusjbCsqwqm4EIBIQ==",
      "license": "MIT",
      "dependencies": {
        "yocto-queue": "^1.0.0"
      },
      "engines": {
        "node": "^12.20.0 || ^14.13.1 || >=16.0.0"
      },
      "funding": {
        "url": "https://github.com/sponsors/sindresorhus"
      }
    },
    "node_modules/p-locate": {
      "version": "6.0.0",
      "resolved": "https://registry.npmjs.org/p-locate/-/p-locate-6.0.0.tgz",
      "integrity": "sha512-wPrq66Llhl7/4AGC6I+cqxT07LhXvWL08LNXz1fENOw0Ap4sRZZ/gZpTTJ5jpurzzzfS2W/Ge9BY3LgLjCShcw==",
      "license": "MIT",
      "dependencies": {
        "p-limit": "^4.0.0"
      },
      "engines": {
        "node": "^12.20.0 || ^14.13.1 || >=16.0.0"
      },
      "funding": {
        "url": "https://github.com/sponsors/sindresorhus"
      }
    },
    "node_modules/path-exists": {
      "version": "5.0.0",
      "resolved": "https://registry.npmjs.org/path-exists/-/path-exists-5.0.0.tgz",
      "integrity": "sha512-RjhtfwJOxzcFmNOi6ltcbcu4Iu+FL3zEj83dk4kAS+fVpTxXLO1b38RvJgT/0QwvV/L3aY9TAnyv0EOqW4GoMQ==",
      "license": "MIT",
      "engines": {
        "node": "^12.20.0 || ^14.13.1 || >=16.0.0"
      }
    },
    "node_modules/pkg-dir": {
      "version": "7.0.0",
      "resolved": "https://registry.npmjs.org/pkg-dir/-/pkg-dir-7.0.0.tgz",
      "integrity": "sha512-Ie9z/WINcxxLp27BKOCHGde4ITq9UklYKDzVo1nhk5sqGEXU3FpkwP5GM2voTGJkGd9B3Otl+Q4uwSOeSUtOBA==",
      "license": "MIT",
      "dependencies": {
        "find-up": "^6.3.0"
      },
      "engines": {
        "node": ">=14.16"
      },
      "funding": {
        "url": "https://github.com/sponsors/sindresorhus"
      }
    },
    "node_modules/rxjs": {
      "version": "7.8.1",
      "resolved": "https://registry.npmjs.org/rxjs/-/rxjs-7.8.1.tgz",
      "integrity": "sha512-AA3TVj+0A2iuIoQkWEK/tqFjBq2j+6PO6Y0zJcvzLAFhEFIO3HL0vls9hWLncZbAAbK0mar7oZ4V079I/qPMxg==",
      "license": "Apache-2.0",
      "dependencies": {
        "tslib": "^2.1.0"
      }
    },
    "node_modules/tslib": {
      "version": "2.6.3",
      "resolved": "https://registry.npmjs.org/tslib/-/tslib-2.6.3.tgz",
      "integrity": "sha512-xNvxJEOUiWPGhUuUdQgAJPKOOJfGnIyKySOc09XkKsgdUV/3E2zvwZYdejjmRgPCgcym1juLH3226yA7sEFJKQ==",
      "license": "0BSD"
    },
    "node_modules/with-file-cache": {
      "version": "3.2.1",
      "resolved": "https://registry.npmjs.org/with-file-cache/-/with-file-cache-3.2.1.tgz",
      "integrity": "sha512-BsQCwVtfF7HGWggwYL1RGQZ+CWfQqMBjWMAyOxDZqz6drct+ItyNx+3RUxTcmUPoIByefWrbqcpNpg+GonoHTw==",
      "license": "ISC",
      "dependencies": {
        "@types/debug": "^4.1.12",
        "debug": "^4.3.4",
        "find-cache-dir": "^5.0.0",
        "hash-wasm": "^4.11.0",
        "rxjs": "^7.8.1"
      }
    },
    "node_modules/yocto-queue": {
      "version": "1.1.1",
      "resolved": "https://registry.npmjs.org/yocto-queue/-/yocto-queue-1.1.1.tgz",
      "integrity": "sha512-b4JR1PFR10y1mKjhHY9LaGo6tmrgjit7hxVIeAmyMw3jegXR4dhYqLaQF5zMXZxY7tLpMyJeLjr1C4rLmkVe8g==",
      "license": "MIT",
      "engines": {
        "node": ">=12.20"
      },
      "funding": {
        "url": "https://github.com/sponsors/sindresorhus"
      }
    }
  }
}
